
Microsoft Visual Studio Solution File, Format Version 12.00
# Visual Studio Version 17
VisualStudioVersion = 17.8.34309.116
MinimumVisualStudioVersion = 10.0.40219.1
Project("{FAE04EC0-301F-11D3-BF4B-00C04F79EFBC}") = "isTriangle_01", "isTriangle_01\isTriangle_01.csproj", "{C63E1B0E-5809-4BF3-BFA7-ADA96BB0F9FA}"
EndProject
Global
	GlobalSection(SolutionConfigurationPlatforms) = preSolution
		Debug|Any CPU = Debug|Any CPU
		Release|Any CPU = Release|Any CPU
	EndGlobalSection
	GlobalSection(ProjectConfigurationPlatforms) = postSolution
		{C63E1B0E-5809-4BF3-BFA7-ADA96BB0F9FA}.Debug|Any CPU.ActiveCfg = Debug|Any CPU
		{C63E1B0E-5809-4BF3-BFA7-ADA96BB0F9FA}.Debug|Any CPU.Build.0 = Debug|Any CPU
		{C63E1B0E-5809-4BF3-BFA7-ADA96BB0F9FA}.Release|Any CPU.ActiveCfg = Release|Any CPU
		{C63E1B0E-5809-4BF3-BFA7-ADA96BB0F9FA}.Release|Any CPU.Build.0 = Release|Any CPU
	EndGlobalSection
	GlobalSection(SolutionProperties) = preSolution
		HideSolutionNode = FALSE
	EndGlobalSection
	GlobalSection(ExtensibilityGlobals) = postSolution
		SolutionGuid = {6247028A-8352-438B-821C-49C85BA0A40D}
	EndGlobalSection
EndGlobal
